
Microsoft Visual Studio Solution File, Format Version 12.00
# Visual Studio Version 16
VisualStudioVersion = 16.0.29519.87
MinimumVisualStudioVersion = 10.0.40219.1
Project("{8BC9CEB8-8B4A-11D0-8D11-00A0C91BC942}") = "Homework19", "Homework19.vcxproj", "{EE5A7108-BCB0-4A83-BF58-072EBD0CBB3B}"
EndProject
Global
	GlobalSection(SolutionConfigurationPlatforms) = preSolution
		Debug|x64 = Debug|x64
		Debug|x86 = Debug|x86
		Release|x64 = Release|x64
		Release|x86 = Release|x86
	EndGlobalSection
	GlobalSection(ProjectConfigurationPlatforms) = postSolution
		{EE5A7108-BCB0-4A83-BF58-072EBD0CBB3B}.Debug|x64.ActiveCfg = Debug|x64
		{EE5A7108-BCB0-4A83-BF58-072EBD0CBB3B}.Debug|x64.Build.0 = Debug|x64
		{EE5A7108-BCB0-4A83-BF58-072EBD0CBB3B}.Debug|x86.ActiveCfg = Debug|Win32
		{EE5A7108-BCB0-4A83-BF58-072EBD0CBB3B}.Debug|x86.Build.0 = Debug|Win32
		{EE5A7108-BCB0-4A83-BF58-072EBD0CBB3B}.Release|x64.ActiveCfg = Release|x64
		{EE5A7108-BCB0-4A83-BF58-072EBD0CBB3B}.Release|x64.Build.0 = Release|x64
		{EE5A7108-BCB0-4A83-BF58-072EBD0CBB3B}.Release|x86.ActiveCfg = Release|Win32
		{EE5A7108-BCB0-4A83-BF58-072EBD0CBB3B}.Release|x86.Build.0 = Release|Win32
	EndGlobalSection
	GlobalSection(SolutionProperties) = preSolution
		HideSolutionNode = FALSE
	EndGlobalSection
	GlobalSection(ExtensibilityGlobals) = postSolution
		SolutionGuid = {AB335B34-4307-4ED1-82DD-76F3CC97F6B4}
	EndGlobalSection
EndGlobal
